PODS:
  - cronet (0.0.6):
    - FlutterMacOS
  - FlutterMacOS (1.0.0)

DEPENDENCIES:
  - cronet (from `Flutter/ephemeral/.symlinks/plugins/cronet/macos`)
  - FlutterMacOS (from `Flutter/ephemeral`)

EXTERNAL SOURCES:
  cronet:
    :path: Flutter/ephemeral/.symlinks/plugins/cronet/macos
  FlutterMacOS:
    :path: Flutter/ephemeral

SPEC CHECKSUMS:
  cronet: 2c609b33a988deeb54c7c60aae3cd5e0087b95ae
  FlutterMacOS: 57701585bf7de1b3fc2bb61f6378d73bbdea8424

PODFILE CHECKSUM: 6eac6b3292e5142cfc23bdeb71848a40ec51c14c

COCOAPODS: 1.10.2
